
Microsoft Visual Studio Solution File, Format Version 12.00
# Visual Studio Version 17
VisualStudioVersion = 17.4.33213.308
MinimumVisualStudioVersion = 10.0.40219.1
Project("{FAE04EC0-301F-11D3-BF4B-00C04F79EFBC}") = "Unit 2 - Basic Loops - Number Loop", "Unit 2 - Basic Loops - Number Loop\Unit 2 - Basic Loops - Number Loop.csproj", "{AB1732B2-A170-45F0-9352-6CD47C420864}"
EndProject
Global
	GlobalSection(SolutionConfigurationPlatforms) = preSolution
		Debug|Any CPU = Debug|Any CPU
		Release|Any CPU = Release|Any CPU
	EndGlobalSection
	GlobalSection(ProjectConfigurationPlatforms) = postSolution
		{AB1732B2-A170-45F0-9352-6CD47C420864}.Debug|Any CPU.ActiveCfg = Debug|Any CPU
		{AB1732B2-A170-45F0-9352-6CD47C420864}.Debug|Any CPU.Build.0 = Debug|Any CPU
		{AB1732B2-A170-45F0-9352-6CD47C420864}.Release|Any CPU.ActiveCfg = Release|Any CPU
		{AB1732B2-A170-45F0-9352-6CD47C420864}.Release|Any CPU.Build.0 = Release|Any CPU
	EndGlobalSection
	GlobalSection(SolutionProperties) = preSolution
		HideSolutionNode = FALSE
	EndGlobalSection
	GlobalSection(ExtensibilityGlobals) = postSolution
		SolutionGuid = {483916F9-869B-4B76-9CE3-597DEB7D061B}
	EndGlobalSection
EndGlobal
