
Microsoft Visual Studio Solution File, Format Version 12.00
# Visual Studio Version 17
VisualStudioVersion = 17.4.33213.308
MinimumVisualStudioVersion = 10.0.40219.1
Project("{9A19103F-16F7-4668-BE54-9A1E7A4F7556}") = "Unit 2 - Basic Loops - Keypad Do While Loop", "Unit 2 - Basic Loops - Keypay Do While Loop\Unit 2 - Basic Loops - Keypad Do While Loop.csproj", "{3332858F-848C-4A08-9399-7CB53A6EB5FD}"
EndProject
Global
	GlobalSection(SolutionConfigurationPlatforms) = preSolution
		Debug|Any CPU = Debug|Any CPU
		Release|Any CPU = Release|Any CPU
	EndGlobalSection
	GlobalSection(ProjectConfigurationPlatforms) = postSolution
		{3332858F-848C-4A08-9399-7CB53A6EB5FD}.Debug|Any CPU.ActiveCfg = Debug|Any CPU
		{3332858F-848C-4A08-9399-7CB53A6EB5FD}.Debug|Any CPU.Build.0 = Debug|Any CPU
		{3332858F-848C-4A08-9399-7CB53A6EB5FD}.Release|Any CPU.ActiveCfg = Release|Any CPU
		{3332858F-848C-4A08-9399-7CB53A6EB5FD}.Release|Any CPU.Build.0 = Release|Any CPU
	EndGlobalSection
	GlobalSection(SolutionProperties) = preSolution
		HideSolutionNode = FALSE
	EndGlobalSection
	GlobalSection(ExtensibilityGlobals) = postSolution
		SolutionGuid = {20424971-70C8-453D-9DC2-B39DD39637F9}
	EndGlobalSection
EndGlobal
