
Microsoft Visual Studio Solution File, Format Version 12.00
# Visual Studio Version 17
VisualStudioVersion = 17.4.33213.308
MinimumVisualStudioVersion = 10.0.40219.1
Project("{FAE04EC0-301F-11D3-BF4B-00C04F79EFBC}") = "Unit 2 - Basic Loops - Hello World", "Unit 2 - Basic Loops - Hello World\Unit 2 - Basic Loops - Hello World.csproj", "{9CE2A919-7FFE-4AC0-98B4-6A4758AADEEE}"
EndProject
Global
	GlobalSection(SolutionConfigurationPlatforms) = preSolution
		Debug|Any CPU = Debug|Any CPU
		Release|Any CPU = Release|Any CPU
	EndGlobalSection
	GlobalSection(ProjectConfigurationPlatforms) = postSolution
		{9CE2A919-7FFE-4AC0-98B4-6A4758AADEEE}.Debug|Any CPU.ActiveCfg = Debug|Any CPU
		{9CE2A919-7FFE-4AC0-98B4-6A4758AADEEE}.Debug|Any CPU.Build.0 = Debug|Any CPU
		{9CE2A919-7FFE-4AC0-98B4-6A4758AADEEE}.Release|Any CPU.ActiveCfg = Release|Any CPU
		{9CE2A919-7FFE-4AC0-98B4-6A4758AADEEE}.Release|Any CPU.Build.0 = Release|Any CPU
	EndGlobalSection
	GlobalSection(SolutionProperties) = preSolution
		HideSolutionNode = FALSE
	EndGlobalSection
	GlobalSection(ExtensibilityGlobals) = postSolution
		SolutionGuid = {E5A926FD-2699-40AA-8D91-45B391F29FAD}
	EndGlobalSection
EndGlobal
